{
  "name": "stock-scoring-system",
  "version": "0.1.0",
  "lockfileVersion": 3,
  "requires": true,
  "packages": {
    "": {
      "name": "stock-scoring-system",
      "version": "0.1.0",
      "dependencies": {
        "stock-sdk": "file:../stock-sdk"
      },
      "engines": {
        "node": ">=20"
      }
    },
    "../stock-sdk": {
      "version": "2.0.0-beta.1",
      "license": "ISC",
      "bin": {
        "stock-sdk": "dist/cli.js"
      },
      "devDependencies": {
        "@grafana/faro-rollup-plugin": "^0.7.1",
        "@grafana/faro-web-sdk": "^2.1.0",
        "@grafana/faro-web-tracing": "^2.1.0",
        "@iconify/vue": "^5.0.0",
        "@types/node": "^24.10.2",
        "@vitest/coverage-v8": "^4.0.16",
        "msw": "^2.10.4",
        "playwright": "^1.58.2",
        "tsup": "^8.3.5",
        "typescript": "^5.9.3",
        "vitepress": "^1.6.4",
        "vitest": "^4.0.15",
        "vue": "^3.5.26"
      },
      "engines": {
        "node": ">=18.0.0"
      }
    },
    "node_modules/stock-sdk": {
      "resolved": "../stock-sdk",
      "link": true
    }
  }
}
